// !$*UTF8*$!
{
	archiveVersion = 1;
	classes = {
	};
	objectVersion = 46;
	objects = {

/* Begin PBXBuildFile section */
		B53A5E73172C7CC60063D01D /* UIKit.framework in Frameworks */ = {isa = PBXBuildFile; fileRef = B53A5E72172C7CC60063D01D /* UIKit.framework */; };
		B53A5E75172C7CC60063D01D /* Foundation.framework in Frameworks */ = {isa = PBXBuildFile; fileRef = B53A5E74172C7CC60063D01D /* Foundation.framework */; };
		B53A5E77172C7CC60063D01D /* CoreGraphics.framework in Frameworks */ = {isa = PBXBuildFile; fileRef = B53A5E76172C7CC60063D01D /* CoreGraphics.framework */; };
		B53A5E7D172C7CC60063D01D /* InfoPlist.strings in Resources */ = {isa = PBXBuildFile; fileRef = B53A5E7B172C7CC60063D01D /* InfoPlist.strings */; };
		B53A5E7F172C7CC60063D01D /* main.m in Sources */ = {isa = PBXBuildFile; fileRef = B53A5E7E172C7CC60063D01D /* main.m */; };
		B53A5E83172C7CC60063D01D /* NPKeyGenerationAppDelegate.m in Sources */ = {isa = PBXBuildFile; fileRef = B53A5E82172C7CC60063D01D /* NPKeyGenerationAppDelegate.m */; };
		B53A5E85172C7CC60063D01D /* Default.png in Resources */ = {isa = PBXBuildFile; fileRef = B53A5E84172C7CC60063D01D /* Default.png */; };
		B53A5E87172C7CC60063D01D /* Default@2x.png in Resources */ = {isa = PBXBuildFile; fileRef = B53A5E86172C7CC60063D01D /* Default@2x.png */; };
		B53A5E89172C7CC60063D01D /* Default-568h@2x.png in Resources */ = {isa = PBXBuildFile; fileRef = B53A5E88172C7CC60063D01D /* Default-568h@2x.png */; };
		B53A5E8C172C7CC60063D01D /* MainStoryboard_iPhone.storyboard in Resources */ = {isa = PBXBuildFile; fileRef = B53A5E8A172C7CC60063D01D /* MainStoryboard_iPhone.storyboard */; };
		B53A5E8F172C7CC60063D01D /* MainStoryboard_iPad.storyboard in Resources */ = {isa = PBXBuildFile; fileRef = B53A5E8D172C7CC60063D01D /* MainStoryboard_iPad.storyboard */; };
		B53A5E92172C7CC60063D01D /* NPKeyGenerationViewController.m in Sources */ = {isa = PBXBuildFile; fileRef = B53A5E91172C7CC60063D01D /* NPKeyGenerationViewController.m */; };
/* End PBXBuildFile section */

/* Begin PBXFileReference section */
		B53A5E6F172C7CC60063D01D /* NilPass.app */ = {isa = PBXFileReference; explicitFileType = wrapper.application; includeInIndex = 0; path = NilPass.app; sourceTree = BUILT_PRODUCTS_DIR; };
		B53A5E72172C7CC60063D01D /* UIKit.framework */ = {isa = PBXFileReference; lastKnownFileType = wrapper.framework; name = UIKit.framework; path = System/Library/Frameworks/UIKit.framework; sourceTree = SDKROOT; };
		B53A5E74172C7CC60063D01D /* Foundation.framework */ = {isa = PBXFileReference; lastKnownFileType = wrapper.framework; name = Foundation.framework; path = System/Library/Frameworks/Foundation.framework; sourceTree = SDKROOT; };
		B53A5E76172C7CC60063D01D /* CoreGraphics.framework */ = {isa = PBXFileReference; lastKnownFileType = wrapper.framework; name = CoreGraphics.framework; path = System/Library/Frameworks/CoreGraphics.framework; sourceTree = SDKROOT; };
		B53A5E7A172C7CC60063D01D /* NilPass-Info.plist */ = {isa = PBXFileReference; lastKnownFileType = text.plist.xml; path = "NilPass-Info.plist"; sourceTree = "<group>"; };
		B53A5E7C172C7CC60063D01D /* en */ = {isa = PBXFileReference; lastKnownFileType = text.plist.strings; name = en; path = en.lproj/InfoPlist.strings; sourceTree = "<group>"; };
		B53A5E7E172C7CC60063D01D /* main.m */ = {isa = PBXFileReference; lastKnownFileType = sourcecode.c.objc; path = main.m; sourceTree = "<group>"; };
		B53A5E80172C7CC60063D01D /* NilPass-Prefix.pch */ = {isa = PBXFileReference; lastKnownFileType = sourcecode.c.h; path = "NilPass-Prefix.pch"; sourceTree = "<group>"; };
		B53A5E81172C7CC60063D01D /* NPKeyGenerationAppDelegate.h */ = {isa = PBXFileReference; lastKnownFileType = sourcecode.c.h; path = NPKeyGenerationAppDelegate.h; sourceTree = "<group>"; };
		B53A5E82172C7CC60063D01D /* NPKeyGenerationAppDelegate.m */ = {isa = PBXFileReference; lastKnownFileType = sourcecode.c.objc; path = NPKeyGenerationAppDelegate.m; sourceTree = "<group>"; };
		B53A5E84172C7CC60063D01D /* Default.png */ = {isa = PBXFileReference; lastKnownFileType = image.png; path = Default.png; sourceTree = "<group>"; };
		B53A5E86172C7CC60063D01D /* Default@2x.png */ = {isa = PBXFileReference; lastKnownFileType = image.png; path = "Default@2x.png"; sourceTree = "<group>"; };
		B53A5E88172C7CC60063D01D /* Default-568h@2x.png */ = {isa = PBXFileReference; lastKnownFileType = image.png; path = "Default-568h@2x.png"; sourceTree = "<group>"; };
		B53A5E8B172C7CC60063D01D /* en */ = {isa = PBXFileReference; lastKnownFileType = file.storyboard; name = en; path = en.lproj/MainStoryboard_iPhone.storyboard; sourceTree = "<group>"; };
		B53A5E8E172C7CC60063D01D /* en */ = {isa = PBXFileReference; lastKnownFileType = file.storyboard; name = en; path = en.lproj/MainStoryboard_iPad.storyboard; sourceTree = "<group>"; };
		B53A5E90172C7CC60063D01D /* NPKeyGenerationViewController.h */ = {isa = PBXFileReference; lastKnownFileType = sourcecode.c.h; path = NPKeyGenerationViewController.h; sourceTree = "<group>"; };
		B53A5E91172C7CC60063D01D /* NPKeyGenerationViewController.m */ = {isa = PBXFileReference; lastKnownFileType = sourcecode.c.objc; path = NPKeyGenerationViewController.m; sourceTree = "<group>"; };
/* End PBXFileReference section */

/* Begin PBXFrameworksBuildPhase section */
		B53A5E6C172C7CC60063D01D /* Frameworks */ = {
			isa = PBXFrameworksBuildPhase;
			buildActionMask = 2147483647;
			files = (
				B53A5E73172C7CC60063D01D /* UIKit.framework in Frameworks */,
				B53A5E75172C7CC60063D01D /* Foundation.framework in Frameworks */,
				B53A5E77172C7CC60063D01D /* CoreGraphics.framework in Frameworks */,
			);
			runOnlyForDeploymentPostprocessing = 0;
		};
/* End PBXFrameworksBuildPhase section */

/* Begin PBXGroup section */
		B53A5E66172C7CC60063D01D = {
			isa = PBXGroup;
			children = (
				B53A5E78172C7CC60063D01D /* NilPass */,
				B53A5E71172C7CC60063D01D /* Frameworks */,
				B53A5E70172C7CC60063D01D /* Products */,
			);
			sourceTree = "<group>";
		};
		B53A5E70172C7CC60063D01D /* Products */ = {
			isa = PBXGroup;
			children = (
				B53A5E6F172C7CC60063D01D /* NilPass.app */,
			);
			name = Products;
			sourceTree = "<group>";
		};
		B53A5E71172C7CC60063D01D /* Frameworks */ = {
			isa = PBXGroup;
			children = (
				B53A5E72172C7CC60063D01D /* UIKit.framework */,
				B53A5E74172C7CC60063D01D /* Foundation.framework */,
				B53A5E76172C7CC60063D01D /* CoreGraphics.framework */,
			);
			name = Frameworks;
			sourceTree = "<group>";
		};
		B53A5E78172C7CC60063D01D /* NilPass */ = {
			isa = PBXGroup;
			children = (
				B53A5E81172C7CC60063D01D /* NPKeyGenerationAppDelegate.h */,
				B53A5E82172C7CC60063D01D /* NPKeyGenerationAppDelegate.m */,
				B53A5E8A172C7CC60063D01D /* MainStoryboard_iPhone.storyboard */,
				B53A5E8D172C7CC60063D01D /* MainStoryboard_iPad.storyboard */,
				B53A5E90172C7CC60063D01D /* NPKeyGenerationViewController.h */,
				B53A5E91172C7CC60063D01D /* NPKeyGenerationViewController.m */,
				B53A5E79172C7CC60063D01D /* Supporting Files */,
			);
			path = NilPass;
			sourceTree = "<group>";
		};
		B53A5E79172C7CC60063D01D /* Supporting Files */ = {
			isa = PBXGroup;
			children = (
				B53A5E7A172C7CC60063D01D /* NilPass-Info.plist */,
				B53A5E7B172C7CC60063D01D /* InfoPlist.strings */,
				B53A5E7E172C7CC60063D01D /* main.m */,
				B53A5E80172C7CC60063D01D /* NilPass-Prefix.pch */,
				B53A5E84172C7CC60063D01D /* Default.png */,
				B53A5E86172C7CC60063D01D /* Default@2x.png */,
				B53A5E88172C7CC60063D01D /* Default-568h@2x.png */,
			);
			name = "Supporting Files";
			sourceTree = "<group>";
		};
/* End PBXGroup section */

/* Begin PBXNativeTarget section */
		B53A5E6E172C7CC60063D01D /* NilPass */ = {
			isa = PBXNativeTarget;
			buildConfigurationList = B53A5E95172C7CC60063D01D /* Build configuration list for PBXNativeTarget "NilPass" */;
			buildPhases = (
				B53A5E6B172C7CC60063D01D /* Sources */,
				B53A5E6C172C7CC60063D01D /* Frameworks */,
				B53A5E6D172C7CC60063D01D /* Resources */,
			);
			buildRules = (
			);
			dependencies = (
			);
			name = NilPass;
			productName = NilPass;
			productReference = B53A5E6F172C7CC60063D01D /* NilPass.app */;
			productType = "com.apple.product-type.application";
		};
/* End PBXNativeTarget section */

/* Begin PBXProject section */
		B53A5E67172C7CC60063D01D /* Project object */ = {
			isa = PBXProject;
			attributes = {
				CLASSPREFIX = NPKeyGeneration;
				LastUpgradeCheck = 0460;
				ORGANIZATIONNAME = "0 to ∞";
			};
			buildConfigurationList = B53A5E6A172C7CC60063D01D /* Build configuration list for PBXProject "NilPass" */;
			compatibilityVersion = "Xcode 3.2";
			developmentRegion = English;
			hasScannedForEncodings = 0;
			knownRegions = (
				en,
			);
			mainGroup = B53A5E66172C7CC60063D01D;
			productRefGroup = B53A5E70172C7CC60063D01D /* Products */;
			projectDirPath = "";
			projectRoot = "";
			targets = (
				B53A5E6E172C7CC60063D01D /* NilPass */,
			);
		};
/* End PBXProject section */

/* Begin PBXResourcesBuildPhase section */
		B53A5E6D172C7CC60063D01D /* Resources */ = {
			isa = PBXResourcesBuildPhase;
			buildActionMask = 2147483647;
			files = (
				B53A5E7D172C7CC60063D01D /* InfoPlist.strings in Resources */,
				B53A5E85172C7CC60063D01D /* Default.png in Resources */,
				B53A5E87172C7CC60063D01D /* Default@2x.png in Resources */,
				B53A5E89172C7CC60063D01D /* Default-568h@2x.png in Resources */,
				B53A5E8C172C7CC60063D01D /* MainStoryboard_iPhone.storyboard in Resources */,
				B53A5E8F172C7CC60063D01D /* MainStoryboard_iPad.storyboard in Resources */,
			);
			runOnlyForDeploymentPostprocessing = 0;
		};
/* End PBXResourcesBuildPhase section */

/* Begin PBXSourcesBuildPhase section */
		B53A5E6B172C7CC60063D01D /* Sources */ = {
			isa = PBXSourcesBuildPhase;
			buildActionMask = 2147483647;
			files = (
				B53A5E7F172C7CC60063D01D /* main.m in Sources */,
				B53A5E83172C7CC60063D01D /* NPKeyGenerationAppDelegate.m in Sources */,
				B53A5E92172C7CC60063D01D /* NPKeyGenerationViewController.m in Sources */,
			);
			runOnlyForDeploymentPostprocessing = 0;
		};
/* End PBXSourcesBuildPhase section */

/* Begin PBXVariantGroup section */
		B53A5E7B172C7CC60063D01D /* InfoPlist.strings */ = {
			isa = PBXVariantGroup;
			children = (
				B53A5E7C172C7CC60063D01D /* en */,
			);
			name = InfoPlist.strings;
			sourceTree = "<group>";
		};
		B53A5E8A172C7CC60063D01D /* MainStoryboard_iPhone.storyboard */ = {
			isa = PBXVariantGroup;
			children = (
				B53A5E8B172C7CC60063D01D /* en */,
			);
			name = MainStoryboard_iPhone.storyboard;
			sourceTree = "<group>";
		};
		B53A5E8D172C7CC60063D01D /* MainStoryboard_iPad.storyboard */ = {
			isa = PBXVariantGroup;
			children = (
				B53A5E8E172C7CC60063D01D /* en */,
			);
			name = MainStoryboard_iPad.storyboard;
			sourceTree = "<group>";
		};
/* End PBXVariantGroup section */

/* Begin XCBuildConfiguration section */
		B53A5E93172C7CC60063D01D /* Debug */ = {
			isa = XCBuildConfiguration;
			buildSettings = {
				ALWAYS_SEARCH_USER_PATHS = NO;
				CLANG_CXX_LANGUAGE_STANDARD = "gnu++0x";
				CLANG_CXX_LIBRARY = "libc++";
				CLANG_ENABLE_OBJC_ARC = YES;
				CLANG_WARN_CONSTANT_CONVERSION = YES;
				CLANG_WARN_EMPTY_BODY = YES;
				CLANG_WARN_ENUM_CONVERSION = YES;
				CLANG_WARN_INT_CONVERSION = YES;
				CLANG_WARN__DUPLICATE_METHOD_MATCH = YES;
				"CODE_SIGN_IDENTITY[sdk=iphoneos*]" = "iPhone Developer";
				COPY_PHASE_STRIP = NO;
				GCC_C_LANGUAGE_STANDARD = gnu99;
				GCC_DYNAMIC_NO_PIC = NO;
				GCC_OPTIMIZATION_LEVEL = 0;
				GCC_PREPROCESSOR_DEFINITIONS = (
					"DEBUG=1",
					"$(inherited)",
				);
				GCC_SYMBOLS_PRIVATE_EXTERN = NO;
				GCC_WARN_ABOUT_RETURN_TYPE = YES;
				GCC_WARN_UNINITIALIZED_AUTOS = YES;
				GCC_WARN_UNUSED_VARIABLE = YES;
				IPHONEOS_DEPLOYMENT_TARGET = 6.1;
				ONLY_ACTIVE_ARCH = YES;
				SDKROOT = iphoneos;
				TARGETED_DEVICE_FAMILY = "1,2";
			};
			name = Debug;
		};
		B53A5E94172C7CC60063D01D /* Release */ = {
			isa = XCBuildConfiguration;
			buildSettings = {
				ALWAYS_SEARCH_USER_PATHS = NO;
				CLANG_CXX_LANGUAGE_STANDARD = "gnu++0x";
				CLANG_CXX_LIBRARY = "libc++";
				CLANG_ENABLE_OBJC_ARC = YES;
				CLANG_WARN_CONSTANT_CONVERSION = YES;
				CLANG_WARN_EMPTY_BODY = YES;
				CLANG_WARN_ENUM_CONVERSION = YES;
				CLANG_WARN_INT_CONVERSION = YES;
				CLANG_WARN__DUPLICATE_METHOD_MATCH = YES;
				"CODE_SIGN_IDENTITY[sdk=iphoneos*]" = "iPhone Developer";
				COPY_PHASE_STRIP = YES;
				GCC_C_LANGUAGE_STANDARD = gnu99;
				GCC_WARN_ABOUT_RETURN_TYPE = YES;
				GCC_WARN_UNINITIALIZED_AUTOS = YES;
				GCC_WARN_UNUSED_VARIABLE = YES;
				IPHONEOS_DEPLOYMENT_TARGET = 6.1;
				OTHER_CFLAGS = "-DNS_BLOCK_ASSERTIONS=1";
				SDKROOT = iphoneos;
				TARGETED_DEVICE_FAMILY = "1,2";
				VALIDATE_PRODUCT = YES;
			};
			name = Release;
		};
		B53A5E96172C7CC60063D01D /* Debug */ = {
			isa = XCBuildConfiguration;
			buildSettings = {
				GCC_PRECOMPILE_PREFIX_HEADER = YES;
				GCC_PREFIX_HEADER = "NilPass/NilPass-Prefix.pch";
				INFOPLIST_FILE = "NilPass/NilPass-Info.plist";
				PRODUCT_NAME = "$(TARGET_NAME)";
				WRAPPER_EXTENSION = app;
			};
			name = Debug;
		};
		B53A5E97172C7CC60063D01D /* Release */ = {
			isa = XCBuildConfiguration;
			buildSettings = {
				GCC_PRECOMPILE_PREFIX_HEADER = YES;
				GCC_PREFIX_HEADER = "NilPass/NilPass-Prefix.pch";
				INFOPLIST_FILE = "NilPass/NilPass-Info.plist";
				PRODUCT_NAME = "$(TARGET_NAME)";
				WRAPPER_EXTENSION = app;
			};
			name = Release;
		};
/* End XCBuildConfiguration section */

/* Begin XCConfigurationList section */
		B53A5E6A172C7CC60063D01D /* Build configuration list for PBXProject "NilPass" */ = {
			isa = XCConfigurationList;
			buildConfigurations = (
				B53A5E93172C7CC60063D01D /* Debug */,
				B53A5E94172C7CC60063D01D /* Release */,
			);
			defaultConfigurationIsVisible = 0;
			defaultConfigurationName = Release;
		};
		B53A5E95172C7CC60063D01D /* Build configuration list for PBXNativeTarget "NilPass" */ = {
			isa = XCConfigurationList;
			buildConfigurations = (
				B53A5E96172C7CC60063D01D /* Debug */,
				B53A5E97172C7CC60063D01D /* Release */,
			);
			defaultConfigurationIsVisible = 0;
		};
/* End XCConfigurationList section */
	};
	rootObject = B53A5E67172C7CC60063D01D /* Project object */;
}
